
Microsoft Visual Studio Solution File, Format Version 12.00
# Visual Studio Version 16
VisualStudioVersion = 16.0.31025.194
MinimumVisualStudioVersion = 10.0.40219.1
Project("{8BC9CEB8-8B4A-11D0-8D11-00A0C91BC942}") = "RecordSendAudio", "RecordSendAudio\RecordSendAudio.vcxproj", "{DDF0FC79-3E28-46C2-99CB-4BEA35806625}"
EndProject
Global
	GlobalSection(SolutionConfigurationPlatforms) = preSolution
		Debug|x64 = Debug|x64
		Debug|x86 = Debug|x86
		Release|x64 = Release|x64
		Release|x86 = Release|x86
	EndGlobalSection
	GlobalSection(ProjectConfigurationPlatforms) = postSolution
		{DDF0FC79-3E28-46C2-99CB-4BEA35806625}.Debug|x64.ActiveCfg = Debug|x64
		{DDF0FC79-3E28-46C2-99CB-4BEA35806625}.Debug|x64.Build.0 = Debug|x64
		{DDF0FC79-3E28-46C2-99CB-4BEA35806625}.Debug|x86.ActiveCfg = Debug|Win32
		{DDF0FC79-3E28-46C2-99CB-4BEA35806625}.Debug|x86.Build.0 = Debug|Win32
		{DDF0FC79-3E28-46C2-99CB-4BEA35806625}.Release|x64.ActiveCfg = Release|x64
		{DDF0FC79-3E28-46C2-99CB-4BEA35806625}.Release|x64.Build.0 = Release|x64
		{DDF0FC79-3E28-46C2-99CB-4BEA35806625}.Release|x86.ActiveCfg = Release|Win32
		{DDF0FC79-3E28-46C2-99CB-4BEA35806625}.Release|x86.Build.0 = Release|Win32
	EndGlobalSection
	GlobalSection(SolutionProperties) = preSolution
		HideSolutionNode = FALSE
	EndGlobalSection
	GlobalSection(ExtensibilityGlobals) = postSolution
		SolutionGuid = {728F09D0-1772-4584-AB25-3672EF681069}
	EndGlobalSection
EndGlobal
